PODS:
  - EUImagePicker (0.1.0):
    - Masonry (~> 1.0.1)
  - Masonry (1.0.1)

DEPENDENCIES:
  - EUImagePicker (from `../`)

EXTERNAL SOURCES:
  EUImagePicker:
    :path: ../

SPEC CHECKSUMS:
  EUImagePicker: 8f10e64e1bf0f42a6f4dd727f136b7ece9e26306
  Masonry: a1a931a0d08870ed8ae415a2ea5ea68ebcac77df

COCOAPODS: 0.38.2
